
Microsoft Visual Studio Solution File, Format Version 12.00
# Visual Studio Version 16
VisualStudioVersion = 16.0.30002.166
MinimumVisualStudioVersion = 10.0.40219.1
Project("{FAE04EC0-301F-11D3-BF4B-00C04F79EFBC}") = "CA_Mongo_01", "CA_Mongo_01\CA_Mongo_01.csproj", "{CC6966DB-49AA-491B-9683-AABFBD1DCB99}"
EndProject
Global
	GlobalSection(SolutionConfigurationPlatforms) = preSolution
		Debug|Any CPU = Debug|Any CPU
		Release|Any CPU = Release|Any CPU
	EndGlobalSection
	GlobalSection(ProjectConfigurationPlatforms) = postSolution
		{CC6966DB-49AA-491B-9683-AABFBD1DCB99}.Debug|Any CPU.ActiveCfg = Debug|Any CPU
		{CC6966DB-49AA-491B-9683-AABFBD1DCB99}.Debug|Any CPU.Build.0 = Debug|Any CPU
		{CC6966DB-49AA-491B-9683-AABFBD1DCB99}.Release|Any CPU.ActiveCfg = Release|Any CPU
		{CC6966DB-49AA-491B-9683-AABFBD1DCB99}.Release|Any CPU.Build.0 = Release|Any CPU
	EndGlobalSection
	GlobalSection(SolutionProperties) = preSolution
		HideSolutionNode = FALSE
	EndGlobalSection
	GlobalSection(ExtensibilityGlobals) = postSolution
		SolutionGuid = {A7ADEDB1-DAEB-422C-B9FD-717144870C05}
	EndGlobalSection
EndGlobal
